lockfileVersion: 5.3

specifiers:
  '@discordjs/collection': ^0.1.6
  '@splatterxl/fetchbuilder': ^0.1.1-1
  '@splatterxl/tsconfig': ^1.0.0
  '@types/node': ^14.14.37
  '@types/node-fetch': ^2.5.10
  node-fetch: ^2.6.1
  ws: ^7.4.3

dependencies:
  '@discordjs/collection': 0.1.6
  '@splatterxl/fetchbuilder': 0.1.1-1
  node-fetch: 2.6.1
  ws: 7.4.5

devDependencies:
  '@splatterxl/tsconfig': 1.0.0
  '@types/node': 14.14.41
  '@types/node-fetch': 2.5.10

packages:

  /@discordjs/collection/0.1.6:
    resolution: {integrity: sha512-utRNxnd9kSS2qhyivo9lMlt5qgAUasH2gb7BEOn6p0efFh24gjGomHzWKMAPn2hEReOPQZCJaRKoURwRotKucQ==}
    dev: false

  /@splatterxl/fetchbuilder/0.1.1-1:
    resolution: {integrity: sha512-U49XV3og9T+rfkSJQlRaLYZTQC9QyDxiI62Z9qIsxx0buqss4ZJaLfqvD5pW0Hhkr4udP0OTsvhX5oPNDtl0pQ==}
    dependencies:
      node-fetch: 2.6.1
    dev: false

  /@splatterxl/tsconfig/1.0.0:
    resolution: {integrity: sha512-T1sNEzXe5vmeKyKOPF1bEYSR8mgteyGLDEgPSdPs6M9oHqD7yjdc0wH+dc52nfFwhTyHFeCGjpq97qNWtOutFA==}
    dev: true

  /@types/node-fetch/2.5.10:
    resolution: {integrity: sha512-IpkX0AasN44hgEad0gEF/V6EgR5n69VEqPEgnmoM8GsIGro3PowbWs4tR6IhxUTyPLpOn+fiGG6nrQhcmoCuIQ==}
    dependencies:
      '@types/node': 14.14.41
      form-data: 3.0.1
    dev: true

  /@types/node/14.14.41:
    resolution: {integrity: sha512-dueRKfaJL4RTtSa7bWeTK1M+VH+Gns73oCgzvYfHZywRCoPSd8EkXBL0mZ9unPTveBn+D9phZBaxuzpwjWkW0g==}
    dev: true

  /asynckit/0.4.0:
    resolution: {integrity: sha1-x57Zf380y48robyXkLzDZkdLS3k=}
    dev: true

  /combined-stream/1.0.8:
    resolution: {integrity: sha512-FQN4MRfuJeHf7cBbBMJFXhKSDq+2kAArBlmRBvcvFE5BB1HZKXtSFASDhdlz9zOYwxh8lDdnvmMOe/+5cdoEdg==}
    engines: {node: '>= 0.8'}
    dependencies:
      delayed-stream: 1.0.0
    dev: true

  /delayed-stream/1.0.0:
    resolution: {integrity: sha1-3zrhmayt+31ECqrgsp4icrJOxhk=}
    engines: {node: '>=0.4.0'}
    dev: true

  /form-data/3.0.1:
    resolution: {integrity: sha512-RHkBKtLWUVwd7SqRIvCZMEvAMoGUp0XU+seQiZejj0COz3RI3hWP4sCv3gZWWLjJTd7rGwcsF5eKZGii0r/hbg==}
    engines: {node: '>= 6'}
    dependencies:
      asynckit: 0.4.0
      combined-stream: 1.0.8
      mime-types: 2.1.30
    dev: true

  /mime-db/1.47.0:
    resolution: {integrity: sha512-QBmA/G2y+IfeS4oktet3qRZ+P5kPhCKRXxXnQEudYqUaEioAU1/Lq2us3D/t1Jfo4hE9REQPrbB7K5sOczJVIw==}
    engines: {node: '>= 0.6'}
    dev: true

  /mime-types/2.1.30:
    resolution: {integrity: sha512-crmjA4bLtR8m9qLpHvgxSChT+XoSlZi8J4n/aIdn3z92e/U47Z0V/yl+Wh9W046GgFVAmoNR/fmdbZYcSSIUeg==}
    engines: {node: '>= 0.6'}
    dependencies:
      mime-db: 1.47.0
    dev: true

  /node-fetch/2.6.1:
    resolution: {integrity: sha512-V4aYg89jEoVRxRb2fJdAg8FHvI7cEyYdVAh94HH0UIK8oJxUfkjlDQN9RbMx+bEjP7+ggMiFRprSti032Oipxw==}
    engines: {node: 4.x || >=6.0.0}
    dev: false

  /ws/7.4.5:
    resolution: {integrity: sha512-xzyu3hFvomRfXKH8vOFMU3OguG6oOvhXMo3xsGy3xWExqaM2dxBbVxuD99O7m3ZUFMvvscsZDqxfgMaRr/Nr1g==}
    engines: {node: '>=8.3.0'}
    peerDependencies:
      bufferutil: ^4.0.1
      utf-8-validate: ^5.0.2
    peerDependenciesMeta:
      bufferutil:
        optional: true
      utf-8-validate:
        optional: true
    dev: false
